// !$*UTF8*$!
{
	archiveVersion = 1;
	classes = {
	};
	objectVersion = 46;
	objects = {

/* Begin PBXBuildFile section */
		BE915F291C7CBC410030BE52 /* main.cpp in Sources */ = {isa = PBXBuildFile; fileRef = BE915F281C7CBC410030BE52 /* main.cpp */; };
/* End PBXBuildFile section */

/* Begin PBXCopyFilesBuildPhase section */
		BE915F231C7CBC410030BE52 /* CopyFiles */ = {
			isa = PBXCopyFilesBuildPhase;
			buildActionMask = 2147483647;
			dstPath = /usr/share/man/man1/;
			dstSubfolderSpec = 0;
			files = (
			);
			runOnlyForDeploymentPostprocessing = 1;
		};
/* End PBXCopyFilesBuildPhase section */

/* Begin PBXFileReference section */
		BE915F251C7CBC410030BE52 /* szavak */ = {isa = PBXFileReference; explicitFileType = "compiled.mach-o.executable"; includeInIndex = 0; path = szavak; sourceTree = BUILT_PRODUCTS_DIR; };
		BE915F281C7CBC410030BE52 /* main.cpp */ = {isa = PBXFileReference; lastKnownFileType = sourcecode.cpp.cpp; path = main.cpp; sourceTree = "<group>"; };
		BEF6F4F71C7CBCBA00DB8C1A /* szoveg.txt */ = {isa = PBXFileReference; fileEncoding = 4; lastKnownFileType = text; path = szoveg.txt; sourceTree = "<group>"; };
		BEF6F4F81C7CBCC300DB8C1A /* letra.txt */ = {isa = PBXFileReference; fileEncoding = 4; lastKnownFileType = text; path = letra.txt; sourceTree = "<group>"; };
/* End PBXFileReference section */

/* Begin PBXFrameworksBuildPhase section */
		BE915F221C7CBC410030BE52 /* Frameworks */ = {
			isa = PBXFrameworksBuildPhase;
			buildActionMask = 2147483647;
			files = (
			);
			runOnlyForDeploymentPostprocessing = 0;
		};
/* End PBXFrameworksBuildPhase section */

/* Begin PBXGroup section */
		BE915F1C1C7CBC410030BE52 = {
			isa = PBXGroup;
			children = (
				BE915F271C7CBC410030BE52 /* szavak */,
				BE915F261C7CBC410030BE52 /* Products */,
			);
			sourceTree = "<group>";
		};
		BE915F261C7CBC410030BE52 /* Products */ = {
			isa = PBXGroup;
			children = (
				BE915F251C7CBC410030BE52 /* szavak */,
			);
			name = Products;
			sourceTree = "<group>";
		};
		BE915F271C7CBC410030BE52 /* szavak */ = {
			isa = PBXGroup;
			children = (
				BEF6F4F81C7CBCC300DB8C1A /* letra.txt */,
				BE915F281C7CBC410030BE52 /* main.cpp */,
				BEF6F4F71C7CBCBA00DB8C1A /* szoveg.txt */,
			);
			path = szavak;
			sourceTree = "<group>";
		};
/* End PBXGroup section */

/* Begin PBXNativeTarget section */
		BE915F241C7CBC410030BE52 /* szavak */ = {
			isa = PBXNativeTarget;
			buildConfigurationList = BE915F2C1C7CBC410030BE52 /* Build configuration list for PBXNativeTarget "szavak" */;
			buildPhases = (
				BE915F211C7CBC410030BE52 /* Sources */,
				BE915F221C7CBC410030BE52 /* Frameworks */,
				BE915F231C7CBC410030BE52 /* CopyFiles */,
			);
			buildRules = (
			);
			dependencies = (
			);
			name = szavak;
			productName = szavak;
			productReference = BE915F251C7CBC410030BE52 /* szavak */;
			productType = "com.apple.product-type.tool";
		};
/* End PBXNativeTarget section */

/* Begin PBXProject section */
		BE915F1D1C7CBC410030BE52 /* Project object */ = {
			isa = PBXProject;
			attributes = {
				LastUpgradeCheck = 0720;
				ORGANIZATIONNAME = "Daniel Spindelbauer";
				TargetAttributes = {
					BE915F241C7CBC410030BE52 = {
						CreatedOnToolsVersion = 7.2.1;
					};
				};
			};
			buildConfigurationList = BE915F201C7CBC410030BE52 /* Build configuration list for PBXProject "szavak" */;
			compatibilityVersion = "Xcode 3.2";
			developmentRegion = English;
			hasScannedForEncodings = 0;
			knownRegions = (
				en,
			);
			mainGroup = BE915F1C1C7CBC410030BE52;
			productRefGroup = BE915F261C7CBC410030BE52 /* Products */;
			projectDirPath = "";
			projectRoot = "";
			targets = (
				BE915F241C7CBC410030BE52 /* szavak */,
			);
		};
/* End PBXProject section */

/* Begin PBXSourcesBuildPhase section */
		BE915F211C7CBC410030BE52 /* Sources */ = {
			isa = PBXSourcesBuildPhase;
			buildActionMask = 2147483647;
			files = (
				BE915F291C7CBC410030BE52 /* main.cpp in Sources */,
			);
			runOnlyForDeploymentPostprocessing = 0;
		};
/* End PBXSourcesBuildPhase section */

/* Begin XCBuildConfiguration section */
		BE915F2A1C7CBC410030BE52 /* Debug */ = {
			isa = XCBuildConfiguration;
			buildSettings = {
				ALWAYS_SEARCH_USER_PATHS = NO;
				CLANG_CXX_LANGUAGE_STANDARD = "gnu++0x";
				CLANG_CXX_LIBRARY = "libc++";
				CLANG_ENABLE_MODULES = YES;
				CLANG_ENABLE_OBJC_ARC = YES;
				CLANG_WARN_BOOL_CONVERSION = YES;
				CLANG_WARN_CONSTANT_CONVERSION = YES;
				CLANG_WARN_DIRECT_OBJC_ISA_USAGE = YES_ERROR;
				CLANG_WARN_EMPTY_BODY = YES;
				CLANG_WARN_ENUM_CONVERSION = YES;
				CLANG_WARN_INT_CONVERSION = YES;
				CLANG_WARN_OBJC_ROOT_CLASS = YES_ERROR;
				CLANG_WARN_UNREACHABLE_CODE = YES;
				CLANG_WARN__DUPLICATE_METHOD_MATCH = YES;
				CODE_SIGN_IDENTITY = "-";
				COPY_PHASE_STRIP = NO;
				DEBUG_INFORMATION_FORMAT = dwarf;
				ENABLE_STRICT_OBJC_MSGSEND = YES;
				ENABLE_TESTABILITY = YES;
				GCC_C_LANGUAGE_STANDARD = gnu99;
				GCC_DYNAMIC_NO_PIC = NO;
				GCC_NO_COMMON_BLOCKS = YES;
				GCC_OPTIMIZATION_LEVEL = 0;
				GCC_PREPROCESSOR_DEFINITIONS = (
					"DEBUG=1",
					"$(inherited)",
				);
				GCC_WARN_64_TO_32_BIT_CONVERSION = YES;
				GCC_WARN_ABOUT_RETURN_TYPE = YES_ERROR;
				GCC_WARN_UNDECLARED_SELECTOR = YES;
				GCC_WARN_UNINITIALIZED_AUTOS = YES_AGGRESSIVE;
				GCC_WARN_UNUSED_FUNCTION = YES;
				GCC_WARN_UNUSED_VARIABLE = YES;
				MACOSX_DEPLOYMENT_TARGET = 10.11;
				MTL_ENABLE_DEBUG_INFO = YES;
				ONLY_ACTIVE_ARCH = YES;
				SDKROOT = macosx;
			};
			name = Debug;
		};
		BE915F2B1C7CBC410030BE52 /* Release */ = {
			isa = XCBuildConfiguration;
			buildSettings = {
				ALWAYS_SEARCH_USER_PATHS = NO;
				CLANG_CXX_LANGUAGE_STANDARD = "gnu++0x";
				CLANG_CXX_LIBRARY = "libc++";
				CLANG_ENABLE_MODULES = YES;
				CLANG_ENABLE_OBJC_ARC = YES;
				CLANG_WARN_BOOL_CONVERSION = YES;
				CLANG_WARN_CONSTANT_CONVERSION = YES;
				CLANG_WARN_DIRECT_OBJC_ISA_USAGE = YES_ERROR;
				CLANG_WARN_EMPTY_BODY = YES;
				CLANG_WARN_ENUM_CONVERSION = YES;
				CLANG_WARN_INT_CONVERSION = YES;
				CLANG_WARN_OBJC_ROOT_CLASS = YES_ERROR;
				CLANG_WARN_UNREACHABLE_CODE = YES;
				CLANG_WARN__DUPLICATE_METHOD_MATCH = YES;
				CODE_SIGN_IDENTITY = "-";
				COPY_PHASE_STRIP = NO;
				DEBUG_INFORMATION_FORMAT = "dwarf-with-dsym";
				ENABLE_NS_ASSERTIONS = NO;
				ENABLE_STRICT_OBJC_MSGSEND = YES;
				GCC_C_LANGUAGE_STANDARD = gnu99;
				GCC_NO_COMMON_BLOCKS = YES;
				GCC_WARN_64_TO_32_BIT_CONVERSION = YES;
				GCC_WARN_ABOUT_RETURN_TYPE = YES_ERROR;
				GCC_WARN_UNDECLARED_SELECTOR = YES;
				GCC_WARN_UNINITIALIZED_AUTOS = YES_AGGRESSIVE;
				GCC_WARN_UNUSED_FUNCTION = YES;
				GCC_WARN_UNUSED_VARIABLE = YES;
				MACOSX_DEPLOYMENT_TARGET = 10.11;
				MTL_ENABLE_DEBUG_INFO = NO;
				SDKROOT = macosx;
			};
			name = Release;
		};
		BE915F2D1C7CBC410030BE52 /* Debug */ = {
			isa = XCBuildConfiguration;
			buildSettings = {
				PRODUCT_NAME = "$(TARGET_NAME)";
			};
			name = Debug;
		};
		BE915F2E1C7CBC410030BE52 /* Release */ = {
			isa = XCBuildConfiguration;
			buildSettings = {
				PRODUCT_NAME = "$(TARGET_NAME)";
			};
			name = Release;
		};
/* End XCBuildConfiguration section */

/* Begin XCConfigurationList section */
		BE915F201C7CBC410030BE52 /* Build configuration list for PBXProject "szavak" */ = {
			isa = XCConfigurationList;
			buildConfigurations = (
				BE915F2A1C7CBC410030BE52 /* Debug */,
				BE915F2B1C7CBC410030BE52 /* Release */,
			);
			defaultConfigurationIsVisible = 0;
			defaultConfigurationName = Release;
		};
		BE915F2C1C7CBC410030BE52 /* Build configuration list for PBXNativeTarget "szavak" */ = {
			isa = XCConfigurationList;
			buildConfigurations = (
				BE915F2D1C7CBC410030BE52 /* Debug */,
				BE915F2E1C7CBC410030BE52 /* Release */,
			);
			defaultConfigurationIsVisible = 0;
			defaultConfigurationName = Release;
		};
/* End XCConfigurationList section */
	};
	rootObject = BE915F1D1C7CBC410030BE52 /* Project object */;
}
